
Microsoft Visual Studio Solution File, Format Version 12.00
# Visual Studio Version 17
VisualStudioVersion = 17.8.34316.72
MinimumVisualStudioVersion = 10.0.40219.1
Project("{FAE04EC0-301F-11D3-BF4B-00C04F79EFBC}") = "Scan_NFC.Android", "Scan_NFC.Android\Scan_NFC.Android.csproj", "{269E179F-6AAB-45FE-BC69-E0DEFB566274}"
EndProject
Project("{FAE04EC0-301F-11D3-BF4B-00C04F79EFBC}") = "Scan_NFC", "Scan_NFC\Scan_NFC.csproj", "{1020EFDA-3C22-48D1-9420-732A02EC70F7}"
EndProject
Global
	GlobalSection(SolutionConfigurationPlatforms) = preSolution
		Debug|Any CPU = Debug|Any CPU
		Release|Any CPU = Release|Any CPU
	EndGlobalSection
	GlobalSection(ProjectConfigurationPlatforms) = postSolution
		{269E179F-6AAB-45FE-BC69-E0DEFB566274}.Debug|Any CPU.ActiveCfg = Debug|Any CPU
		{269E179F-6AAB-45FE-BC69-E0DEFB566274}.Debug|Any CPU.Build.0 = Debug|Any CPU
		{269E179F-6AAB-45FE-BC69-E0DEFB566274}.Debug|Any CPU.Deploy.0 = Debug|Any CPU
		{269E179F-6AAB-45FE-BC69-E0DEFB566274}.Release|Any CPU.ActiveCfg = Release|Any CPU
		{269E179F-6AAB-45FE-BC69-E0DEFB566274}.Release|Any CPU.Build.0 = Release|Any CPU
		{269E179F-6AAB-45FE-BC69-E0DEFB566274}.Release|Any CPU.Deploy.0 = Release|Any CPU
		{1020EFDA-3C22-48D1-9420-732A02EC70F7}.Debug|Any CPU.ActiveCfg = Debug|Any CPU
		{1020EFDA-3C22-48D1-9420-732A02EC70F7}.Debug|Any CPU.Build.0 = Debug|Any CPU
		{1020EFDA-3C22-48D1-9420-732A02EC70F7}.Debug|Any CPU.Deploy.0 = Debug|Any CPU
		{1020EFDA-3C22-48D1-9420-732A02EC70F7}.Release|Any CPU.ActiveCfg = Release|Any CPU
		{1020EFDA-3C22-48D1-9420-732A02EC70F7}.Release|Any CPU.Build.0 = Release|Any CPU
		{1020EFDA-3C22-48D1-9420-732A02EC70F7}.Release|Any CPU.Deploy.0 = Release|Any CPU
	EndGlobalSection
	GlobalSection(SolutionProperties) = preSolution
		HideSolutionNode = FALSE
	EndGlobalSection
	GlobalSection(ExtensibilityGlobals) = postSolution
		SolutionGuid = {159F09EB-3F37-4FBC-98D5-198A64A68598}
	EndGlobalSection
EndGlobal
